
Microsoft Visual Studio Solution File, Format Version 12.00
# Visual Studio Version 17
VisualStudioVersion = 17.0.32002.185
MinimumVisualStudioVersion = 10.0.40219.1
Project("{9A19103F-16F7-4668-BE54-9A1E7A4F7556}") = "Library.API", "Library.API\Library.API.csproj", "{2DDBCC67-B685-4DAB-961A-BDB102BD3F01}"
EndProject
Project("{FAE04EC0-301F-11D3-BF4B-00C04F79EFBC}") = "Library.Domain", "Library.Domain\Library.Domain.csproj", "{84DB1EDC-8C9E-4639-85EF-1B9E28A22BD9}"
EndProject
Project("{FAE04EC0-301F-11D3-BF4B-00C04F79EFBC}") = "Library.Data", "Library.Data\Library.Data.csproj", "{4E30426C-BB56-4018-9852-1B29C04B4C41}"
EndProject
Global
	GlobalSection(SolutionConfigurationPlatforms) = preSolution
		Debug|Any CPU = Debug|Any CPU
		Release|Any CPU = Release|Any CPU
	EndGlobalSection
	GlobalSection(ProjectConfigurationPlatforms) = postSolution
		{2DDBCC67-B685-4DAB-961A-BDB102BD3F01}.Debug|Any CPU.ActiveCfg = Debug|Any CPU
		{2DDBCC67-B685-4DAB-961A-BDB102BD3F01}.Debug|Any CPU.Build.0 = Debug|Any CPU
		{2DDBCC67-B685-4DAB-961A-BDB102BD3F01}.Release|Any CPU.ActiveCfg = Release|Any CPU
		{2DDBCC67-B685-4DAB-961A-BDB102BD3F01}.Release|Any CPU.Build.0 = Release|Any CPU
		{84DB1EDC-8C9E-4639-85EF-1B9E28A22BD9}.Debug|Any CPU.ActiveCfg = Debug|Any CPU
		{84DB1EDC-8C9E-4639-85EF-1B9E28A22BD9}.Debug|Any CPU.Build.0 = Debug|Any CPU
		{84DB1EDC-8C9E-4639-85EF-1B9E28A22BD9}.Release|Any CPU.ActiveCfg = Release|Any CPU
		{84DB1EDC-8C9E-4639-85EF-1B9E28A22BD9}.Release|Any CPU.Build.0 = Release|Any CPU
		{4E30426C-BB56-4018-9852-1B29C04B4C41}.Debug|Any CPU.ActiveCfg = Debug|Any CPU
		{4E30426C-BB56-4018-9852-1B29C04B4C41}.Debug|Any CPU.Build.0 = Debug|Any CPU
		{4E30426C-BB56-4018-9852-1B29C04B4C41}.Release|Any CPU.ActiveCfg = Release|Any CPU
		{4E30426C-BB56-4018-9852-1B29C04B4C41}.Release|Any CPU.Build.0 = Release|Any CPU
	EndGlobalSection
	GlobalSection(SolutionProperties) = preSolution
		HideSolutionNode = FALSE
	EndGlobalSection
	GlobalSection(ExtensibilityGlobals) = postSolution
		SolutionGuid = {A1FD641A-2520-4035-81FC-994E8F93ACAA}
	EndGlobalSection
EndGlobal
